
Microsoft Visual Studio Solution File, Format Version 12.00
# Visual Studio 2013
VisualStudioVersion = 12.0.40629.0
MinimumVisualStudioVersion = 10.0.40219.1
Project("{FAE04EC0-301F-11D3-BF4B-00C04F79EFBC}") = "VTemplate.Engine", "VTemplate.Engine\VTemplate.Engine.csproj", "{FFE421FA-C56D-466D-BCBE-5C451F2C82BC}"
EndProject
Project("{FAE04EC0-301F-11D3-BF4B-00C04F79EFBC}") = "WechatBuilder.API", "WechatBuilder.API\WechatBuilder.API.csproj", "{E824FFCC-705E-4CF6-8710-142395937FCB}"
EndProject
Project("{FAE04EC0-301F-11D3-BF4B-00C04F79EFBC}") = "WechatBuilder.BLL", "WechatBuilder.BLL\WechatBuilder.BLL.csproj", "{EC27BBA4-030C-4853-9FB2-A075654B28FA}"
EndProject
Project("{FAE04EC0-301F-11D3-BF4B-00C04F79EFBC}") = "WechatBuilder.Common", "WechatBuilder.Common\WechatBuilder.Common.csproj", "{20908989-7773-493B-B1BD-764BE322A935}"
EndProject
Project("{FAE04EC0-301F-11D3-BF4B-00C04F79EFBC}") = "WechatBuilder.DAL", "WechatBuilder.DAL\WechatBuilder.DAL.csproj", "{A587C7B0-981B-4BBE-8B8E-462D477C48E4}"
EndProject
Project("{FAE04EC0-301F-11D3-BF4B-00C04F79EFBC}") = "WechatBuilder.DBUtility", "WechatBuilder.DBUtility\WechatBuilder.DBUtility.csproj", "{2CFDFCA0-A3FC-4DDE-8448-1769A6E24825}"
EndProject
Project("{FAE04EC0-301F-11D3-BF4B-00C04F79EFBC}") = "WechatBuilder.Model", "WechatBuilder.Model\WechatBuilder.Model.csproj", "{59E451EA-4E7A-408A-9F5C-36F2AC8D90AD}"
EndProject
Project("{FAE04EC0-301F-11D3-BF4B-00C04F79EFBC}") = "WechatBuilder.Templates", "WechatBuilder.Templates\WechatBuilder.Templates.csproj", "{C8278B7B-CC1F-4D24-B013-39B63F551DB4}"
EndProject
Project("{FAE04EC0-301F-11D3-BF4B-00C04F79EFBC}") = "WechatBuilder.Web", "WechatBuilder.Web\WechatBuilder.Web.csproj", "{6DB1BDD3-4EE3-4259-B459-62F54591995E}"
EndProject
Project("{FAE04EC0-301F-11D3-BF4B-00C04F79EFBC}") = "WechatBuilder.Web.UI", "WechatBuilder.Web.UI\WechatBuilder.Web.UI.csproj", "{F2391E96-3195-4F5C-8941-8D3FFFE0B4BC}"
EndProject
Project("{FAE04EC0-301F-11D3-BF4B-00C04F79EFBC}") = "WechatBuilder.WeiXinComm", "WechatBuilder.WeiXinComm\WechatBuilder.WeiXinComm.csproj", "{20B8FB5A-4362-48F8-BD3A-245FDAF9BCAC}"
EndProject
Global
	GlobalSection(SolutionConfigurationPlatforms) = preSolution
		Debug|Any CPU = Debug|Any CPU
		Debug|Mixed Platforms = Debug|Mixed Platforms
		Debug|x86 = Debug|x86
		Release|Any CPU = Release|Any CPU
		Release|Mixed Platforms = Release|Mixed Platforms
		Release|x86 = Release|x86
	EndGlobalSection
	GlobalSection(ProjectConfigurationPlatforms) = postSolution
		{FFE421FA-C56D-466D-BCBE-5C451F2C82BC}.Debug|Any CPU.ActiveCfg = Debug|Any CPU
		{FFE421FA-C56D-466D-BCBE-5C451F2C82BC}.Debug|Any CPU.Build.0 = Debug|Any CPU
		{FFE421FA-C56D-466D-BCBE-5C451F2C82BC}.Debug|Mixed Platforms.ActiveCfg = Debug|Any CPU
		{FFE421FA-C56D-466D-BCBE-5C451F2C82BC}.Debug|Mixed Platforms.Build.0 = Debug|Any CPU
		{FFE421FA-C56D-466D-BCBE-5C451F2C82BC}.Debug|x86.ActiveCfg = Debug|Any CPU
		{FFE421FA-C56D-466D-BCBE-5C451F2C82BC}.Release|Any CPU.ActiveCfg = Release|Any CPU
		{FFE421FA-C56D-466D-BCBE-5C451F2C82BC}.Release|Any CPU.Build.0 = Release|Any CPU
		{FFE421FA-C56D-466D-BCBE-5C451F2C82BC}.Release|Mixed Platforms.ActiveCfg = Release|Any CPU
		{FFE421FA-C56D-466D-BCBE-5C451F2C82BC}.Release|Mixed Platforms.Build.0 = Release|Any CPU
		{FFE421FA-C56D-466D-BCBE-5C451F2C82BC}.Release|x86.ActiveCfg = Release|Any CPU
		{E824FFCC-705E-4CF6-8710-142395937FCB}.Debug|Any CPU.ActiveCfg = Debug|Any CPU
		{E824FFCC-705E-4CF6-8710-142395937FCB}.Debug|Any CPU.Build.0 = Debug|Any CPU
		{E824FFCC-705E-4CF6-8710-142395937FCB}.Debug|Mixed Platforms.ActiveCfg = Debug|Any CPU
		{E824FFCC-705E-4CF6-8710-142395937FCB}.Debug|Mixed Platforms.Build.0 = Debug|Any CPU
		{E824FFCC-705E-4CF6-8710-142395937FCB}.Debug|x86.ActiveCfg = Debug|Any CPU
		{E824FFCC-705E-4CF6-8710-142395937FCB}.Release|Any CPU.ActiveCfg = Release|Any CPU
		{E824FFCC-705E-4CF6-8710-142395937FCB}.Release|Any CPU.Build.0 = Release|Any CPU
		{E824FFCC-705E-4CF6-8710-142395937FCB}.Release|Mixed Platforms.ActiveCfg = Release|Any CPU
		{E824FFCC-705E-4CF6-8710-142395937FCB}.Release|Mixed Platforms.Build.0 = Release|Any CPU
		{E824FFCC-705E-4CF6-8710-142395937FCB}.Release|x86.ActiveCfg = Release|Any CPU
		{EC27BBA4-030C-4853-9FB2-A075654B28FA}.Debug|Any CPU.ActiveCfg = Debug|Any CPU
		{EC27BBA4-030C-4853-9FB2-A075654B28FA}.Debug|Any CPU.Build.0 = Debug|Any CPU
		{EC27BBA4-030C-4853-9FB2-A075654B28FA}.Debug|Mixed Platforms.ActiveCfg = Debug|Any CPU
		{EC27BBA4-030C-4853-9FB2-A075654B28FA}.Debug|Mixed Platforms.Build.0 = Debug|Any CPU
		{EC27BBA4-030C-4853-9FB2-A075654B28FA}.Debug|x86.ActiveCfg = Debug|Any CPU
		{EC27BBA4-030C-4853-9FB2-A075654B28FA}.Release|Any CPU.ActiveCfg = Release|Any CPU
		{EC27BBA4-030C-4853-9FB2-A075654B28FA}.Release|Any CPU.Build.0 = Release|Any CPU
		{EC27BBA4-030C-4853-9FB2-A075654B28FA}.Release|Mixed Platforms.ActiveCfg = Release|Any CPU
		{EC27BBA4-030C-4853-9FB2-A075654B28FA}.Release|Mixed Platforms.Build.0 = Release|Any CPU
		{EC27BBA4-030C-4853-9FB2-A075654B28FA}.Release|x86.ActiveCfg = Release|Any CPU
		{20908989-7773-493B-B1BD-764BE322A935}.Debug|Any CPU.ActiveCfg = Debug|Any CPU
		{20908989-7773-493B-B1BD-764BE322A935}.Debug|Any CPU.Build.0 = Debug|Any CPU
		{20908989-7773-493B-B1BD-764BE322A935}.Debug|Mixed Platforms.ActiveCfg = Debug|Any CPU
		{20908989-7773-493B-B1BD-764BE322A935}.Debug|Mixed Platforms.Build.0 = Debug|Any CPU
		{20908989-7773-493B-B1BD-764BE322A935}.Debug|x86.ActiveCfg = Debug|Any CPU
		{20908989-7773-493B-B1BD-764BE322A935}.Release|Any CPU.ActiveCfg = Release|Any CPU
		{20908989-7773-493B-B1BD-764BE322A935}.Release|Any CPU.Build.0 = Release|Any CPU
		{20908989-7773-493B-B1BD-764BE322A935}.Release|Mixed Platforms.ActiveCfg = Release|Any CPU
		{20908989-7773-493B-B1BD-764BE322A935}.Release|Mixed Platforms.Build.0 = Release|Any CPU
		{20908989-7773-493B-B1BD-764BE322A935}.Release|x86.ActiveCfg = Release|Any CPU
		{A587C7B0-981B-4BBE-8B8E-462D477C48E4}.Debug|Any CPU.ActiveCfg = Debug|Any CPU
		{A587C7B0-981B-4BBE-8B8E-462D477C48E4}.Debug|Any CPU.Build.0 = Debug|Any CPU
		{A587C7B0-981B-4BBE-8B8E-462D477C48E4}.Debug|Mixed Platforms.ActiveCfg = Debug|Any CPU
		{A587C7B0-981B-4BBE-8B8E-462D477C48E4}.Debug|Mixed Platforms.Build.0 = Debug|Any CPU
		{A587C7B0-981B-4BBE-8B8E-462D477C48E4}.Debug|x86.ActiveCfg = Debug|Any CPU
		{A587C7B0-981B-4BBE-8B8E-462D477C48E4}.Release|Any CPU.ActiveCfg = Release|Any CPU
		{A587C7B0-981B-4BBE-8B8E-462D477C48E4}.Release|Any CPU.Build.0 = Release|Any CPU
		{A587C7B0-981B-4BBE-8B8E-462D477C48E4}.Release|Mixed Platforms.ActiveCfg = Release|Any CPU
		{A587C7B0-981B-4BBE-8B8E-462D477C48E4}.Release|Mixed Platforms.Build.0 = Release|Any CPU
		{A587C7B0-981B-4BBE-8B8E-462D477C48E4}.Release|x86.ActiveCfg = Release|Any CPU
		{2CFDFCA0-A3FC-4DDE-8448-1769A6E24825}.Debug|Any CPU.ActiveCfg = Debug|Any CPU
		{2CFDFCA0-A3FC-4DDE-8448-1769A6E24825}.Debug|Any CPU.Build.0 = Debug|Any CPU
		{2CFDFCA0-A3FC-4DDE-8448-1769A6E24825}.Debug|Mixed Platforms.ActiveCfg = Debug|Any CPU
		{2CFDFCA0-A3FC-4DDE-8448-1769A6E24825}.Debug|Mixed Platforms.Build.0 = Debug|Any CPU
		{2CFDFCA0-A3FC-4DDE-8448-1769A6E24825}.Debug|x86.ActiveCfg = Debug|Any CPU
		{2CFDFCA0-A3FC-4DDE-8448-1769A6E24825}.Release|Any CPU.ActiveCfg = Release|Any CPU
		{2CFDFCA0-A3FC-4DDE-8448-1769A6E24825}.Release|Any CPU.Build.0 = Release|Any CPU
		{2CFDFCA0-A3FC-4DDE-8448-1769A6E24825}.Release|Mixed Platforms.ActiveCfg = Release|Any CPU
		{2CFDFCA0-A3FC-4DDE-8448-1769A6E24825}.Release|Mixed Platforms.Build.0 = Release|Any CPU
		{2CFDFCA0-A3FC-4DDE-8448-1769A6E24825}.Release|x86.ActiveCfg = Release|Any CPU
		{59E451EA-4E7A-408A-9F5C-36F2AC8D90AD}.Debug|Any CPU.ActiveCfg = Debug|Any CPU
		{59E451EA-4E7A-408A-9F5C-36F2AC8D90AD}.Debug|Any CPU.Build.0 = Debug|Any CPU
		{59E451EA-4E7A-408A-9F5C-36F2AC8D90AD}.Debug|Mixed Platforms.ActiveCfg = Debug|Any CPU
		{59E451EA-4E7A-408A-9F5C-36F2AC8D90AD}.Debug|Mixed Platforms.Build.0 = Debug|Any CPU
		{59E451EA-4E7A-408A-9F5C-36F2AC8D90AD}.Debug|x86.ActiveCfg = Debug|Any CPU
		{59E451EA-4E7A-408A-9F5C-36F2AC8D90AD}.Release|Any CPU.ActiveCfg = Release|Any CPU
		{59E451EA-4E7A-408A-9F5C-36F2AC8D90AD}.Release|Any CPU.Build.0 = Release|Any CPU
		{59E451EA-4E7A-408A-9F5C-36F2AC8D90AD}.Release|Mixed Platforms.ActiveCfg = Release|Any CPU
		{59E451EA-4E7A-408A-9F5C-36F2AC8D90AD}.Release|Mixed Platforms.Build.0 = Release|Any CPU
		{59E451EA-4E7A-408A-9F5C-36F2AC8D90AD}.Release|x86.ActiveCfg = Release|Any CPU
		{C8278B7B-CC1F-4D24-B013-39B63F551DB4}.Debug|Any CPU.ActiveCfg = Debug|Any CPU
		{C8278B7B-CC1F-4D24-B013-39B63F551DB4}.Debug|Any CPU.Build.0 = Debug|Any CPU
		{C8278B7B-CC1F-4D24-B013-39B63F551DB4}.Debug|Mixed Platforms.ActiveCfg = Debug|Any CPU
		{C8278B7B-CC1F-4D24-B013-39B63F551DB4}.Debug|Mixed Platforms.Build.0 = Debug|Any CPU
		{C8278B7B-CC1F-4D24-B013-39B63F551DB4}.Debug|x86.ActiveCfg = Debug|Any CPU
		{C8278B7B-CC1F-4D24-B013-39B63F551DB4}.Release|Any CPU.ActiveCfg = Release|Any CPU
		{C8278B7B-CC1F-4D24-B013-39B63F551DB4}.Release|Any CPU.Build.0 = Release|Any CPU
		{C8278B7B-CC1F-4D24-B013-39B63F551DB4}.Release|Mixed Platforms.ActiveCfg = Release|Any CPU
		{C8278B7B-CC1F-4D24-B013-39B63F551DB4}.Release|Mixed Platforms.Build.0 = Release|Any CPU
		{C8278B7B-CC1F-4D24-B013-39B63F551DB4}.Release|x86.ActiveCfg = Release|Any CPU
		{6DB1BDD3-4EE3-4259-B459-62F54591995E}.Debug|Any CPU.ActiveCfg = Debug|Any CPU
		{6DB1BDD3-4EE3-4259-B459-62F54591995E}.Debug|Any CPU.Build.0 = Debug|Any CPU
		{6DB1BDD3-4EE3-4259-B459-62F54591995E}.Debug|Mixed Platforms.ActiveCfg = Debug|Any CPU
		{6DB1BDD3-4EE3-4259-B459-62F54591995E}.Debug|Mixed Platforms.Build.0 = Debug|Any CPU
		{6DB1BDD3-4EE3-4259-B459-62F54591995E}.Debug|x86.ActiveCfg = Debug|Any CPU
		{6DB1BDD3-4EE3-4259-B459-62F54591995E}.Release|Any CPU.ActiveCfg = Release|Any CPU
		{6DB1BDD3-4EE3-4259-B459-62F54591995E}.Release|Any CPU.Build.0 = Release|Any CPU
		{6DB1BDD3-4EE3-4259-B459-62F54591995E}.Release|Mixed Platforms.ActiveCfg = Release|Any CPU
		{6DB1BDD3-4EE3-4259-B459-62F54591995E}.Release|Mixed Platforms.Build.0 = Release|Any CPU
		{6DB1BDD3-4EE3-4259-B459-62F54591995E}.Release|x86.ActiveCfg = Release|Any CPU
		{F2391E96-3195-4F5C-8941-8D3FFFE0B4BC}.Debug|Any CPU.ActiveCfg = Debug|Any CPU
		{F2391E96-3195-4F5C-8941-8D3FFFE0B4BC}.Debug|Any CPU.Build.0 = Debug|Any CPU
		{F2391E96-3195-4F5C-8941-8D3FFFE0B4BC}.Debug|Mixed Platforms.ActiveCfg = Debug|Any CPU
		{F2391E96-3195-4F5C-8941-8D3FFFE0B4BC}.Debug|Mixed Platforms.Build.0 = Debug|Any CPU
		{F2391E96-3195-4F5C-8941-8D3FFFE0B4BC}.Debug|x86.ActiveCfg = Debug|Any CPU
		{F2391E96-3195-4F5C-8941-8D3FFFE0B4BC}.Release|Any CPU.ActiveCfg = Release|Any CPU
		{F2391E96-3195-4F5C-8941-8D3FFFE0B4BC}.Release|Any CPU.Build.0 = Release|Any CPU
		{F2391E96-3195-4F5C-8941-8D3FFFE0B4BC}.Release|Mixed Platforms.ActiveCfg = Release|Any CPU
		{F2391E96-3195-4F5C-8941-8D3FFFE0B4BC}.Release|Mixed Platforms.Build.0 = Release|Any CPU
		{F2391E96-3195-4F5C-8941-8D3FFFE0B4BC}.Release|x86.ActiveCfg = Release|Any CPU
		{20B8FB5A-4362-48F8-BD3A-245FDAF9BCAC}.Debug|Any CPU.ActiveCfg = Debug|Any CPU
		{20B8FB5A-4362-48F8-BD3A-245FDAF9BCAC}.Debug|Any CPU.Build.0 = Debug|Any CPU
		{20B8FB5A-4362-48F8-BD3A-245FDAF9BCAC}.Debug|Mixed Platforms.ActiveCfg = Debug|Any CPU
		{20B8FB5A-4362-48F8-BD3A-245FDAF9BCAC}.Debug|Mixed Platforms.Build.0 = Debug|Any CPU
		{20B8FB5A-4362-48F8-BD3A-245FDAF9BCAC}.Debug|x86.ActiveCfg = Debug|Any CPU
		{20B8FB5A-4362-48F8-BD3A-245FDAF9BCAC}.Release|Any CPU.ActiveCfg = Release|Any CPU
		{20B8FB5A-4362-48F8-BD3A-245FDAF9BCAC}.Release|Any CPU.Build.0 = Release|Any CPU
		{20B8FB5A-4362-48F8-BD3A-245FDAF9BCAC}.Release|Mixed Platforms.ActiveCfg = Release|Any CPU
		{20B8FB5A-4362-48F8-BD3A-245FDAF9BCAC}.Release|Mixed Platforms.Build.0 = Release|Any CPU
		{20B8FB5A-4362-48F8-BD3A-245FDAF9BCAC}.Release|x86.ActiveCfg = Release|Any CPU
	EndGlobalSection
	GlobalSection(SolutionProperties) = preSolution
		HideSolutionNode = FALSE
	EndGlobalSection
	GlobalSection(SubversionScc) = preSolution
		Svn-Managed = True
		Manager = AnkhSVN - Subversion Support for Visual Studio
	EndGlobalSection
EndGlobal
